
Microsoft Visual Studio Solution File, Format Version 12.00
# Visual Studio Version 17
VisualStudioVersion = 17.3.32819.101
MinimumVisualStudioVersion = 10.0.40219.1
Project("{9A19103F-16F7-4668-BE54-9A1E7A4F7556}") = "DungeonForceWoW", "DungeonForceWoW.csproj", "{50EC2BFC-2F9E-44FD-A8E4-AE11E2E907C3}"
EndProject
Global
	GlobalSection(SolutionConfigurationPlatforms) = preSolution
		Debug|Any CPU = Debug|Any CPU
		Release|Any CPU = Release|Any CPU
	EndGlobalSection
	GlobalSection(ProjectConfigurationPlatforms) = postSolution
		{50EC2BFC-2F9E-44FD-A8E4-AE11E2E907C3}.Debug|Any CPU.ActiveCfg = Debug|Any CPU
		{50EC2BFC-2F9E-44FD-A8E4-AE11E2E907C3}.Debug|Any CPU.Build.0 = Debug|Any CPU
		{50EC2BFC-2F9E-44FD-A8E4-AE11E2E907C3}.Release|Any CPU.ActiveCfg = Release|Any CPU
		{50EC2BFC-2F9E-44FD-A8E4-AE11E2E907C3}.Release|Any CPU.Build.0 = Release|Any CPU
	EndGlobalSection
	GlobalSection(SolutionProperties) = preSolution
		HideSolutionNode = FALSE
	EndGlobalSection
	GlobalSection(ExtensibilityGlobals) = postSolution
		SolutionGuid = {93BE7943-4174-4F32-A3B1-6D7F3804A728}
	EndGlobalSection
EndGlobal
